Microsoft Visual Studio Solution File, Format Version 12.00
# Visual Studio Version 17
VisualStudioVersion = 17.13.35931.197
MinimumVisualStudioVersion = 10.0.40219.1
Project("{FAE04EC0-301F-11D3-BF4B-00C04F79EFBC}") = "Sistema de Registracion de Viajes", "Sistema de Registracion de Viajes\Sistema de Registracion de Viajes.csproj", "{748D37FB-18B1-42EF-AA21-C02FD4E3BE05}"
EndProject
Global
	GlobalSection(SolutionConfigurationPlatforms) = preSolution
		Debug|Any CPU = Debug|Any CPU
		Release|Any CPU = Release|Any CPU
	EndGlobalSection
	GlobalSection(ProjectConfigurationPlatforms) = postSolution
		{748D37FB-18B1-42EF-AA21-C02FD4E3BE05}.Debug|Any CPU.ActiveCfg = Debug|Any CPU
		{748D37FB-18B1-42EF-AA21-C02FD4E3BE05}.Debug|Any CPU.Build.0 = Debug|Any CPU
		{748D37FB-18B1-42EF-AA21-C02FD4E3BE05}.Release|Any CPU.ActiveCfg = Release|Any CPU
		{748D37FB-18B1-42EF-AA21-C02FD4E3BE05}.Release|Any CPU.Build.0 = Release|Any CPU
	EndGlobalSection
	GlobalSection(SolutionProperties) = preSolution
		HideSolutionNode = FALSE
	EndGlobalSection
	GlobalSection(ExtensibilityGlobals) = postSolution
		SolutionGuid = {187A7C48-EE43-4A79-AC1B-FEACFA4549F8}
	EndGlobalSection
EndGlobal
